
Microsoft Visual Studio Solution File, Format Version 12.00
# Visual Studio Version 16
VisualStudioVersion = 16.0.30128.74
MinimumVisualStudioVersion = 10.0.40219.1
Project("{9A19103F-16F7-4668-BE54-9A1E7A4F7556}") = "MyOnlineShop.WebMVC", "MyOnlineShop.WebMVC\MyOnlineShop.WebMVC.csproj", "{FA41F2F9-D14C-40AD-91CE-7939304E2E91}"
EndProject
Project("{9A19103F-16F7-4668-BE54-9A1E7A4F7556}") = "MyOnlineShop.Identity", "MyOnlineShop.Identity\MyOnlineShop.Identity.csproj", "{E7119ED5-5398-4FFF-B0B8-4E9003A9FDF8}"
EndProject
Project("{9A19103F-16F7-4668-BE54-9A1E7A4F7556}") = "MyOnlineShop.Common", "MyOnlineShop.Common\MyOnlineShop.Common.csproj", "{35EFAC6B-B090-4357-8F3B-15FFB316D4D7}"
EndProject
Project("{9A19103F-16F7-4668-BE54-9A1E7A4F7556}") = "MyOnlineShop.Ordering", "MyOnlineShop.Ordering\MyOnlineShop.Ordering.csproj", "{AFB83215-B8E2-4C6A-B220-4BD00F0BEC25}"
EndProject
Project("{9A19103F-16F7-4668-BE54-9A1E7A4F7556}") = "MyOnlineShop.Catalog", "MyOnlineShop.Catalog\MyOnlineShop.Catalog.csproj", "{0DA0002C-D9D1-4750-8631-34CFBFDFFECB}"
EndProject
Project("{9A19103F-16F7-4668-BE54-9A1E7A4F7556}") = "MyOnlineShop.ShoppingCart", "MyOnlineShop.ShoppingCart\MyOnlineShop.ShoppingCart.csproj", "{AD932884-0313-4570-9A1F-0EDA02281590}"
EndProject
Project("{9A19103F-16F7-4668-BE54-9A1E7A4F7556}") = "MyOnlineShop.WebMVC.Admin", "MyOnlineShop.WebMVC.Admin\MyOnlineShop.WebMVC.Admin.csproj", "{318D1E54-15BE-4502-B305-5F8189728DF2}"
EndProject
Project("{9A19103F-16F7-4668-BE54-9A1E7A4F7556}") = "MyOnlineShop.ShoppingCart.Gateway", "MyOnlineShop.ShoppingCart.Gateway\MyOnlineShop.ShoppingCart.Gateway.csproj", "{70E124E1-9E81-4C76-BB35-507440F265AC}"
EndProject
Project("{9A19103F-16F7-4668-BE54-9A1E7A4F7556}") = "MyOnlineShop.Statistics", "MyOnlineShop.Statistics\MyOnlineShop.Statistics.csproj", "{719FB29D-9281-461F-89A9-B05FB76059A6}"
EndProject
Project("{E53339B2-1760-4266-BCC7-CA923CBCF16C}") = "docker-compose", "docker-compose.dcproj", "{1EAA21B9-7301-4637-A567-6A1055471F87}"
EndProject
Project("{FAE04EC0-301F-11D3-BF4B-00C04F79EFBC}") = "MyOnlineShop.Watchdog", "MyOnlineShop.Watchdog\MyOnlineShop.Watchdog.csproj", "{A983CE2E-BBB8-42DF-ABA2-B167A46573FC}"
EndProject
Global
	GlobalSection(SolutionConfigurationPlatforms) = preSolution
		Debug|Any CPU = Debug|Any CPU
		Release|Any CPU = Release|Any CPU
	EndGlobalSection
	GlobalSection(ProjectConfigurationPlatforms) = postSolution
		{FA41F2F9-D14C-40AD-91CE-7939304E2E91}.Debug|Any CPU.ActiveCfg = Debug|Any CPU
		{FA41F2F9-D14C-40AD-91CE-7939304E2E91}.Debug|Any CPU.Build.0 = Debug|Any CPU
		{FA41F2F9-D14C-40AD-91CE-7939304E2E91}.Release|Any CPU.ActiveCfg = Release|Any CPU
		{FA41F2F9-D14C-40AD-91CE-7939304E2E91}.Release|Any CPU.Build.0 = Release|Any CPU
		{E7119ED5-5398-4FFF-B0B8-4E9003A9FDF8}.Debug|Any CPU.ActiveCfg = Debug|Any CPU
		{E7119ED5-5398-4FFF-B0B8-4E9003A9FDF8}.Debug|Any CPU.Build.0 = Debug|Any CPU
		{E7119ED5-5398-4FFF-B0B8-4E9003A9FDF8}.Release|Any CPU.ActiveCfg = Release|Any CPU
		{E7119ED5-5398-4FFF-B0B8-4E9003A9FDF8}.Release|Any CPU.Build.0 = Release|Any CPU
		{35EFAC6B-B090-4357-8F3B-15FFB316D4D7}.Debug|Any CPU.ActiveCfg = Debug|Any CPU
		{35EFAC6B-B090-4357-8F3B-15FFB316D4D7}.Debug|Any CPU.Build.0 = Debug|Any CPU
		{35EFAC6B-B090-4357-8F3B-15FFB316D4D7}.Release|Any CPU.ActiveCfg = Release|Any CPU
		{35EFAC6B-B090-4357-8F3B-15FFB316D4D7}.Release|Any CPU.Build.0 = Release|Any CPU
		{AFB83215-B8E2-4C6A-B220-4BD00F0BEC25}.Debug|Any CPU.ActiveCfg = Debug|Any CPU
		{AFB83215-B8E2-4C6A-B220-4BD00F0BEC25}.Debug|Any CPU.Build.0 = Debug|Any CPU
		{AFB83215-B8E2-4C6A-B220-4BD00F0BEC25}.Release|Any CPU.ActiveCfg = Release|Any CPU
		{AFB83215-B8E2-4C6A-B220-4BD00F0BEC25}.Release|Any CPU.Build.0 = Release|Any CPU
		{0DA0002C-D9D1-4750-8631-34CFBFDFFECB}.Debug|Any CPU.ActiveCfg = Debug|Any CPU
		{0DA0002C-D9D1-4750-8631-34CFBFDFFECB}.Debug|Any CPU.Build.0 = Debug|Any CPU
		{0DA0002C-D9D1-4750-8631-34CFBFDFFECB}.Release|Any CPU.ActiveCfg = Release|Any CPU
		{0DA0002C-D9D1-4750-8631-34CFBFDFFECB}.Release|Any CPU.Build.0 = Release|Any CPU
		{AD932884-0313-4570-9A1F-0EDA02281590}.Debug|Any CPU.ActiveCfg = Debug|Any CPU
		{AD932884-0313-4570-9A1F-0EDA02281590}.Debug|Any CPU.Build.0 = Debug|Any CPU
		{AD932884-0313-4570-9A1F-0EDA02281590}.Release|Any CPU.ActiveCfg = Release|Any CPU
		{AD932884-0313-4570-9A1F-0EDA02281590}.Release|Any CPU.Build.0 = Release|Any CPU
		{318D1E54-15BE-4502-B305-5F8189728DF2}.Debug|Any CPU.ActiveCfg = Debug|Any CPU
		{318D1E54-15BE-4502-B305-5F8189728DF2}.Debug|Any CPU.Build.0 = Debug|Any CPU
		{318D1E54-15BE-4502-B305-5F8189728DF2}.Release|Any CPU.ActiveCfg = Release|Any CPU
		{318D1E54-15BE-4502-B305-5F8189728DF2}.Release|Any CPU.Build.0 = Release|Any CPU
		{70E124E1-9E81-4C76-BB35-507440F265AC}.Debug|Any CPU.ActiveCfg = Debug|Any CPU
		{70E124E1-9E81-4C76-BB35-507440F265AC}.Debug|Any CPU.Build.0 = Debug|Any CPU
		{70E124E1-9E81-4C76-BB35-507440F265AC}.Release|Any CPU.ActiveCfg = Release|Any CPU
		{70E124E1-9E81-4C76-BB35-507440F265AC}.Release|Any CPU.Build.0 = Release|Any CPU
		{719FB29D-9281-461F-89A9-B05FB76059A6}.Debug|Any CPU.ActiveCfg = Debug|Any CPU
		{719FB29D-9281-461F-89A9-B05FB76059A6}.Debug|Any CPU.Build.0 = Debug|Any CPU
		{719FB29D-9281-461F-89A9-B05FB76059A6}.Release|Any CPU.ActiveCfg = Release|Any CPU
		{719FB29D-9281-461F-89A9-B05FB76059A6}.Release|Any CPU.Build.0 = Release|Any CPU
		{1EAA21B9-7301-4637-A567-6A1055471F87}.Debug|Any CPU.ActiveCfg = Debug|Any CPU
		{1EAA21B9-7301-4637-A567-6A1055471F87}.Debug|Any CPU.Build.0 = Debug|Any CPU
		{1EAA21B9-7301-4637-A567-6A1055471F87}.Release|Any CPU.ActiveCfg = Release|Any CPU
		{1EAA21B9-7301-4637-A567-6A1055471F87}.Release|Any CPU.Build.0 = Release|Any CPU
		{A983CE2E-BBB8-42DF-ABA2-B167A46573FC}.Debug|Any CPU.ActiveCfg = Debug|Any CPU
		{A983CE2E-BBB8-42DF-ABA2-B167A46573FC}.Debug|Any CPU.Build.0 = Debug|Any CPU
		{A983CE2E-BBB8-42DF-ABA2-B167A46573FC}.Release|Any CPU.ActiveCfg = Release|Any CPU
		{A983CE2E-BBB8-42DF-ABA2-B167A46573FC}.Release|Any CPU.Build.0 = Release|Any CPU
	EndGlobalSection
	GlobalSection(SolutionProperties) = preSolution
		HideSolutionNode = FALSE
	EndGlobalSection
	GlobalSection(ExtensibilityGlobals) = postSolution
		SolutionGuid = {6C4725C4-FCFC-4066-A36C-78D76C365CC7}
	EndGlobalSection
EndGlobal
